
Microsoft Visual Studio Solution File, Format Version 12.00
# Visual Studio Version 17
VisualStudioVersion = 17.2.32630.192
MinimumVisualStudioVersion = 10.0.40219.1
Project("{8BC9CEB8-8B4A-11D0-8D11-00A0C91BC942}") = "Laba4", "Laba4\Laba4.vcxproj", "{0EA6DF04-FF3C-4952-8BCA-EE9B91F64699}"
EndProject
Global
	GlobalSection(SolutionConfigurationPlatforms) = preSolution
		Debug|x64 = Debug|x64
		Debug|x86 = Debug|x86
		Release|x64 = Release|x64
		Release|x86 = Release|x86
	EndGlobalSection
	GlobalSection(ProjectConfigurationPlatforms) = postSolution
		{0EA6DF04-FF3C-4952-8BCA-EE9B91F64699}.Debug|x64.ActiveCfg = Debug|x64
		{0EA6DF04-FF3C-4952-8BCA-EE9B91F64699}.Debug|x64.Build.0 = Debug|x64
		{0EA6DF04-FF3C-4952-8BCA-EE9B91F64699}.Debug|x86.ActiveCfg = Debug|Win32
		{0EA6DF04-FF3C-4952-8BCA-EE9B91F64699}.Debug|x86.Build.0 = Debug|Win32
		{0EA6DF04-FF3C-4952-8BCA-EE9B91F64699}.Release|x64.ActiveCfg = Release|x64
		{0EA6DF04-FF3C-4952-8BCA-EE9B91F64699}.Release|x64.Build.0 = Release|x64
		{0EA6DF04-FF3C-4952-8BCA-EE9B91F64699}.Release|x86.ActiveCfg = Release|Win32
		{0EA6DF04-FF3C-4952-8BCA-EE9B91F64699}.Release|x86.Build.0 = Release|Win32
	EndGlobalSection
	GlobalSection(SolutionProperties) = preSolution
		HideSolutionNode = FALSE
	EndGlobalSection
	GlobalSection(ExtensibilityGlobals) = postSolution
		SolutionGuid = {0B7FF358-A2AA-4C45-A1DA-E606B884C000}
	EndGlobalSection
EndGlobal
